
Microsoft Visual Studio Solution File, Format Version 12.00
# Visual Studio Version 17
VisualStudioVersion = 17.14.36511.14 d17.14
MinimumVisualStudioVersion = 10.0.40219.1
Project("{FAE04EC0-301F-11D3-BF4B-00C04F79EFBC}") = "AnalizadorNumerico", "AnalizadorNumerico\AnalizadorNumerico.csproj", "{0688EA37-EA00-40BA-A9FC-13197CAE887D}"
EndProject
Global
	GlobalSection(SolutionConfigurationPlatforms) = preSolution
		Debug|Any CPU = Debug|Any CPU
		Release|Any CPU = Release|Any CPU
	EndGlobalSection
	GlobalSection(ProjectConfigurationPlatforms) = postSolution
		{0688EA37-EA00-40BA-A9FC-13197CAE887D}.Debug|Any CPU.ActiveCfg = Debug|Any CPU
		{0688EA37-EA00-40BA-A9FC-13197CAE887D}.Debug|Any CPU.Build.0 = Debug|Any CPU
		{0688EA37-EA00-40BA-A9FC-13197CAE887D}.Release|Any CPU.ActiveCfg = Release|Any CPU
		{0688EA37-EA00-40BA-A9FC-13197CAE887D}.Release|Any CPU.Build.0 = Release|Any CPU
	EndGlobalSection
	GlobalSection(SolutionProperties) = preSolution
		HideSolutionNode = FALSE
	EndGlobalSection
	GlobalSection(ExtensibilityGlobals) = postSolution
		SolutionGuid = {D8076A6D-D408-4335-B325-7F1E16CA3F70}
	EndGlobalSection
EndGlobal
